
Microsoft Visual Studio Solution File, Format Version 12.00
# Visual Studio Version 17
VisualStudioVersion = 17.1.32421.90
MinimumVisualStudioVersion = 10.0.40219.1
Project("{888888A0-9F3D-457C-B088-3A5042F75D52}") = "EL_Gaamal_Algo", "EL_Gaamal_Algo\EL_Gaamal_Algo.pyproj", "{C5E8221C-8012-4A5C-8E48-99C2D6CD130D}"
EndProject
Global
	GlobalSection(SolutionConfigurationPlatforms) = preSolution
		Debug|Any CPU = Debug|Any CPU
		Release|Any CPU = Release|Any CPU
	EndGlobalSection
	GlobalSection(ProjectConfigurationPlatforms) = postSolution
		{C5E8221C-8012-4A5C-8E48-99C2D6CD130D}.Debug|Any CPU.ActiveCfg = Debug|Any CPU
		{C5E8221C-8012-4A5C-8E48-99C2D6CD130D}.Release|Any CPU.ActiveCfg = Release|Any CPU
	EndGlobalSection
	GlobalSection(SolutionProperties) = preSolution
		HideSolutionNode = FALSE
	EndGlobalSection
	GlobalSection(ExtensibilityGlobals) = postSolution
		SolutionGuid = {3932B938-F7FA-46C5-9D7D-6D8CB367219B}
	EndGlobalSection
EndGlobal
